
Microsoft Visual Studio Solution File, Format Version 12.00
Project("{FAE04EC0-301F-11D3-BF4B-00C04F79EFBC}") = "JwtWebApiTutorial", "JwtWebApiTutorial.csproj", "{97E976D6-7FC1-4897-AE46-8AA6E9F35556}"
EndProject
Global
	GlobalSection(SolutionConfigurationPlatforms) = preSolution
		Debug|Any CPU = Debug|Any CPU
		Release|Any CPU = Release|Any CPU
	EndGlobalSection
	GlobalSection(ProjectConfigurationPlatforms) = postSolution
		{97E976D6-7FC1-4897-AE46-8AA6E9F35556}.Debug|Any CPU.ActiveCfg = Debug|Any CPU
		{97E976D6-7FC1-4897-AE46-8AA6E9F35556}.Debug|Any CPU.Build.0 = Debug|Any CPU
		{97E976D6-7FC1-4897-AE46-8AA6E9F35556}.Release|Any CPU.ActiveCfg = Release|Any CPU
		{97E976D6-7FC1-4897-AE46-8AA6E9F35556}.Release|Any CPU.Build.0 = Release|Any CPU
	EndGlobalSection
EndGlobal
